dependencies:
- name: postgresql
  repository: https://charts.bitnami.com/bitnami
  version: 15.0.0
- name: kube-prometheus-stack
  repository: https://prometheus-community.github.io/helm-charts
  version: 45.27.2
- name: jaeger
  repository: https://jaegertracing.github.io/helm-charts
  version: 0.71.12
- name: signoz
  repository: https://charts.signoz.io
  version: 0.28.3
digest: sha256:c1705db2e189380ca09a36952f80f8dfa0bb16785b0651d3efcdfe24be98d7f1
generated: "2026-04-09T22:55:33.028363+05:30"
