dependencies:
- name: prometheus
  repository: https://prometheus-community.github.io/helm-charts
  version: 29.2.0
- name: jaeger
  repository: https://jaegertracing.github.io/helm-charts
  version: 0.71.12
- name: signoz
  repository: https://charts.signoz.io
  version: 0.28.3
digest: sha256:cc7e12d227eee7b1258fd6aa310fc1ea320fb44771ca809cafffadbb5cf50a7a
generated: "2026-04-09T23:47:54.407219+05:30"
